
Microsoft Visual Studio Solution File, Format Version 12.00
# Visual Studio Version 17
VisualStudioVersion = 17.14.36705.20
MinimumVisualStudioVersion = 10.0.40219.1
Project("{FAE04EC0-301F-11D3-BF4B-00C04F79EFBC}") = "SimpleLLMChatGUI", "SimpleLLMChatGUI\SimpleLLMChatGUI.csproj", "{68F62A1E-2C17-48A8-8136-EF1A16EC29EF}"
EndProject
Project("{FAE04EC0-301F-11D3-BF4B-00C04F79EFBC}") = "SimpleLLMChatCLI", "SimpleLLMChatCLI\SimpleLLMChatCLI.csproj", "{7CC8B200-8346-44E4-A0B4-AA64E26DF2F8}"
EndProject
Project("{FAE04EC0-301F-11D3-BF4B-00C04F79EFBC}") = "FileTools", "FileTools\FileTools.csproj", "{B2C3D4E5-F6A7-8901-BCDE-F12345678901}"
EndProject
Project("{FAE04EC0-301F-11D3-BF4B-00C04F79EFBC}") = "WebTools", "WebTools\WebTools.csproj", "{C3D4E5F6-A7B8-9012-CDEF-234567890123}"
EndProject
Project("{FAE04EC0-301F-11D3-BF4B-00C04F79EFBC}") = "PythonTools", "PythonTools\PythonTools.csproj", "{D4E5F6A7-B8C9-0123-DEF0-345678901234}"
EndProject
Project("{FAE04EC0-301F-11D3-BF4B-00C04F79EFBC}") = "ShellTools", "ShellTools\ShellTools.csproj", "{E5F6A7B8-C9D0-1234-EF01-456789012345}"
EndProject
Global
	GlobalSection(SolutionConfigurationPlatforms) = preSolution
		Debug|Mixed Platforms = Debug|Mixed Platforms
		Debug|Win32 = Debug|Win32
		Debug|x86 = Debug|x86
		Release|Mixed Platforms = Release|Mixed Platforms
		Release|Win32 = Release|Win32
		Release|x86 = Release|x86
	EndGlobalSection
	GlobalSection(ProjectConfigurationPlatforms) = postSolution
		{68F62A1E-2C17-48A8-8136-EF1A16EC29EF}.Debug|Mixed Platforms.ActiveCfg = Debug|x86
		{68F62A1E-2C17-48A8-8136-EF1A16EC29EF}.Debug|Mixed Platforms.Build.0 = Debug|x86
		{68F62A1E-2C17-48A8-8136-EF1A16EC29EF}.Debug|Win32.ActiveCfg = Debug|x86
		{68F62A1E-2C17-48A8-8136-EF1A16EC29EF}.Debug|x86.ActiveCfg = Debug|x86
		{68F62A1E-2C17-48A8-8136-EF1A16EC29EF}.Debug|x86.Build.0 = Debug|x86
		{68F62A1E-2C17-48A8-8136-EF1A16EC29EF}.Release|Mixed Platforms.ActiveCfg = Release|x86
		{68F62A1E-2C17-48A8-8136-EF1A16EC29EF}.Release|Mixed Platforms.Build.0 = Release|x86
		{68F62A1E-2C17-48A8-8136-EF1A16EC29EF}.Release|Win32.ActiveCfg = Release|x86
		{68F62A1E-2C17-48A8-8136-EF1A16EC29EF}.Release|x86.ActiveCfg = Release|x86
		{68F62A1E-2C17-48A8-8136-EF1A16EC29EF}.Release|x86.Build.0 = Release|x86
		{7CC8B200-8346-44E4-A0B4-AA64E26DF2F8}.Debug|Mixed Platforms.ActiveCfg = Debug|Any CPU
		{7CC8B200-8346-44E4-A0B4-AA64E26DF2F8}.Debug|Mixed Platforms.Build.0 = Debug|Any CPU
		{7CC8B200-8346-44E4-A0B4-AA64E26DF2F8}.Debug|Win32.ActiveCfg = Debug|Any CPU
		{7CC8B200-8346-44E4-A0B4-AA64E26DF2F8}.Debug|Win32.Build.0 = Debug|Any CPU
		{7CC8B200-8346-44E4-A0B4-AA64E26DF2F8}.Debug|x86.ActiveCfg = Debug|Any CPU
		{7CC8B200-8346-44E4-A0B4-AA64E26DF2F8}.Debug|x86.Build.0 = Debug|Any CPU
		{7CC8B200-8346-44E4-A0B4-AA64E26DF2F8}.Release|Mixed Platforms.ActiveCfg = Release|Any CPU
		{7CC8B200-8346-44E4-A0B4-AA64E26DF2F8}.Release|Mixed Platforms.Build.0 = Release|Any CPU
		{7CC8B200-8346-44E4-A0B4-AA64E26DF2F8}.Release|Win32.ActiveCfg = Release|Any CPU
		{7CC8B200-8346-44E4-A0B4-AA64E26DF2F8}.Release|Win32.Build.0 = Release|Any CPU
		{7CC8B200-8346-44E4-A0B4-AA64E26DF2F8}.Release|x86.ActiveCfg = Release|Any CPU
		{7CC8B200-8346-44E4-A0B4-AA64E26DF2F8}.Release|x86.Build.0 = Release|Any CPU
		{B2C3D4E5-F6A7-8901-BCDE-F12345678901}.Debug|Mixed Platforms.ActiveCfg = Debug|Any CPU
		{B2C3D4E5-F6A7-8901-BCDE-F12345678901}.Debug|Mixed Platforms.Build.0 = Debug|Any CPU
		{B2C3D4E5-F6A7-8901-BCDE-F12345678901}.Debug|Win32.ActiveCfg = Debug|Any CPU
		{B2C3D4E5-F6A7-8901-BCDE-F12345678901}.Debug|Win32.Build.0 = Debug|Any CPU
		{B2C3D4E5-F6A7-8901-BCDE-F12345678901}.Debug|x86.ActiveCfg = Debug|Any CPU
		{B2C3D4E5-F6A7-8901-BCDE-F12345678901}.Debug|x86.Build.0 = Debug|Any CPU
		{B2C3D4E5-F6A7-8901-BCDE-F12345678901}.Release|Mixed Platforms.ActiveCfg = Release|Any CPU
		{B2C3D4E5-F6A7-8901-BCDE-F12345678901}.Release|Mixed Platforms.Build.0 = Release|Any CPU
		{B2C3D4E5-F6A7-8901-BCDE-F12345678901}.Release|Win32.ActiveCfg = Release|Any CPU
		{B2C3D4E5-F6A7-8901-BCDE-F12345678901}.Release|Win32.Build.0 = Release|Any CPU
		{B2C3D4E5-F6A7-8901-BCDE-F12345678901}.Release|x86.ActiveCfg = Release|Any CPU
		{B2C3D4E5-F6A7-8901-BCDE-F12345678901}.Release|x86.Build.0 = Release|Any CPU
		{C3D4E5F6-A7B8-9012-CDEF-234567890123}.Debug|Mixed Platforms.ActiveCfg = Debug|Any CPU
		{C3D4E5F6-A7B8-9012-CDEF-234567890123}.Debug|Mixed Platforms.Build.0 = Debug|Any CPU
		{C3D4E5F6-A7B8-9012-CDEF-234567890123}.Debug|Win32.ActiveCfg = Debug|Any CPU
		{C3D4E5F6-A7B8-9012-CDEF-234567890123}.Debug|Win32.Build.0 = Debug|Any CPU
		{C3D4E5F6-A7B8-9012-CDEF-234567890123}.Debug|x86.ActiveCfg = Debug|Any CPU
		{C3D4E5F6-A7B8-9012-CDEF-234567890123}.Debug|x86.Build.0 = Debug|Any CPU
		{C3D4E5F6-A7B8-9012-CDEF-234567890123}.Release|Mixed Platforms.ActiveCfg = Release|Any CPU
		{C3D4E5F6-A7B8-9012-CDEF-234567890123}.Release|Mixed Platforms.Build.0 = Release|Any CPU
		{C3D4E5F6-A7B8-9012-CDEF-234567890123}.Release|Win32.ActiveCfg = Release|Any CPU
		{C3D4E5F6-A7B8-9012-CDEF-234567890123}.Release|Win32.Build.0 = Release|Any CPU
		{C3D4E5F6-A7B8-9012-CDEF-234567890123}.Release|x86.ActiveCfg = Release|Any CPU
		{C3D4E5F6-A7B8-9012-CDEF-234567890123}.Release|x86.Build.0 = Release|Any CPU
		{D4E5F6A7-B8C9-0123-DEF0-345678901234}.Debug|Mixed Platforms.ActiveCfg = Debug|Any CPU
		{D4E5F6A7-B8C9-0123-DEF0-345678901234}.Debug|Mixed Platforms.Build.0 = Debug|Any CPU
		{D4E5F6A7-B8C9-0123-DEF0-345678901234}.Debug|Win32.ActiveCfg = Debug|Any CPU
		{D4E5F6A7-B8C9-0123-DEF0-345678901234}.Debug|Win32.Build.0 = Debug|Any CPU
		{D4E5F6A7-B8C9-0123-DEF0-345678901234}.Debug|x86.ActiveCfg = Debug|Any CPU
		{D4E5F6A7-B8C9-0123-DEF0-345678901234}.Debug|x86.Build.0 = Debug|Any CPU
		{D4E5F6A7-B8C9-0123-DEF0-345678901234}.Release|Mixed Platforms.ActiveCfg = Release|Any CPU
		{D4E5F6A7-B8C9-0123-DEF0-345678901234}.Release|Mixed Platforms.Build.0 = Release|Any CPU
		{D4E5F6A7-B8C9-0123-DEF0-345678901234}.Release|Win32.ActiveCfg = Release|Any CPU
		{D4E5F6A7-B8C9-0123-DEF0-345678901234}.Release|Win32.Build.0 = Release|Any CPU
		{D4E5F6A7-B8C9-0123-DEF0-345678901234}.Release|x86.ActiveCfg = Release|Any CPU
		{D4E5F6A7-B8C9-0123-DEF0-345678901234}.Release|x86.Build.0 = Release|Any CPU
		{E5F6A7B8-C9D0-1234-EF01-456789012345}.Debug|Mixed Platforms.ActiveCfg = Debug|Any CPU
		{E5F6A7B8-C9D0-1234-EF01-456789012345}.Debug|Mixed Platforms.Build.0 = Debug|Any CPU
		{E5F6A7B8-C9D0-1234-EF01-456789012345}.Debug|Win32.ActiveCfg = Debug|Any CPU
		{E5F6A7B8-C9D0-1234-EF01-456789012345}.Debug|Win32.Build.0 = Debug|Any CPU
		{E5F6A7B8-C9D0-1234-EF01-456789012345}.Debug|x86.ActiveCfg = Debug|Any CPU
		{E5F6A7B8-C9D0-1234-EF01-456789012345}.Debug|x86.Build.0 = Debug|Any CPU
		{E5F6A7B8-C9D0-1234-EF01-456789012345}.Release|Mixed Platforms.ActiveCfg = Release|Any CPU
		{E5F6A7B8-C9D0-1234-EF01-456789012345}.Release|Mixed Platforms.Build.0 = Release|Any CPU
		{E5F6A7B8-C9D0-1234-EF01-456789012345}.Release|Win32.ActiveCfg = Release|Any CPU
		{E5F6A7B8-C9D0-1234-EF01-456789012345}.Release|Win32.Build.0 = Release|Any CPU
		{E5F6A7B8-C9D0-1234-EF01-456789012345}.Release|x86.ActiveCfg = Release|Any CPU
		{E5F6A7B8-C9D0-1234-EF01-456789012345}.Release|x86.Build.0 = Release|Any CPU
	EndGlobalSection
	GlobalSection(SolutionProperties) = preSolution
		HideSolutionNode = FALSE
	EndGlobalSection
	GlobalSection(ExtensibilityGlobals) = postSolution
		SolutionGuid = {3D44E863-F5E6-4133-8F45-FE62BFCBA857}
	EndGlobalSection
EndGlobal
