
Microsoft Visual Studio Solution File, Format Version 11.00
# Visual Studio 2010
Project("{FAE04EC0-301F-11D3-BF4B-00C04F79EFBC}") = "SimpleLLMChatGUI", "SimpleLLMChatGUI\SimpleLLMChatGUI.csproj", "{68F62A1E-2C17-48A8-8136-EF1A16EC29EF}"
EndProject
Project("{8BC9CEB8-8B4A-11D0-8D11-00A0C91BC942}") = "SimpleLLMChatCLI", "SimpleLLMChatCLI\SimpleLLMChatCLI.vcxproj", "{739B559F-279B-4801-9BCF-8E604A4D2186}"
EndProject
Global
	GlobalSection(SolutionConfigurationPlatforms) = preSolution
		Debug|Mixed Platforms = Debug|Mixed Platforms
		Debug|Win32 = Debug|Win32
		Debug|x86 = Debug|x86
		Release|Mixed Platforms = Release|Mixed Platforms
		Release|Win32 = Release|Win32
		Release|x86 = Release|x86
	EndGlobalSection
	GlobalSection(ProjectConfigurationPlatforms) = postSolution
		{68F62A1E-2C17-48A8-8136-EF1A16EC29EF}.Debug|Mixed Platforms.ActiveCfg = Debug|x86
		{68F62A1E-2C17-48A8-8136-EF1A16EC29EF}.Debug|Mixed Platforms.Build.0 = Debug|x86
		{68F62A1E-2C17-48A8-8136-EF1A16EC29EF}.Debug|Win32.ActiveCfg = Debug|x86
		{68F62A1E-2C17-48A8-8136-EF1A16EC29EF}.Debug|x86.ActiveCfg = Debug|x86
		{68F62A1E-2C17-48A8-8136-EF1A16EC29EF}.Debug|x86.Build.0 = Debug|x86
		{68F62A1E-2C17-48A8-8136-EF1A16EC29EF}.Release|Mixed Platforms.ActiveCfg = Release|x86
		{68F62A1E-2C17-48A8-8136-EF1A16EC29EF}.Release|Mixed Platforms.Build.0 = Release|x86
		{68F62A1E-2C17-48A8-8136-EF1A16EC29EF}.Release|Win32.ActiveCfg = Release|x86
		{68F62A1E-2C17-48A8-8136-EF1A16EC29EF}.Release|x86.ActiveCfg = Release|x86
		{68F62A1E-2C17-48A8-8136-EF1A16EC29EF}.Release|x86.Build.0 = Release|x86
		{739B559F-279B-4801-9BCF-8E604A4D2186}.Debug|Mixed Platforms.ActiveCfg = Debug|Win32
		{739B559F-279B-4801-9BCF-8E604A4D2186}.Debug|Mixed Platforms.Build.0 = Debug|Win32
		{739B559F-279B-4801-9BCF-8E604A4D2186}.Debug|Win32.ActiveCfg = Debug|Win32
		{739B559F-279B-4801-9BCF-8E604A4D2186}.Debug|Win32.Build.0 = Debug|Win32
		{739B559F-279B-4801-9BCF-8E604A4D2186}.Debug|x86.ActiveCfg = Debug|Win32
		{739B559F-279B-4801-9BCF-8E604A4D2186}.Release|Mixed Platforms.ActiveCfg = Release|Win32
		{739B559F-279B-4801-9BCF-8E604A4D2186}.Release|Mixed Platforms.Build.0 = Release|Win32
		{739B559F-279B-4801-9BCF-8E604A4D2186}.Release|Win32.ActiveCfg = Release|Win32
		{739B559F-279B-4801-9BCF-8E604A4D2186}.Release|Win32.Build.0 = Release|Win32
		{739B559F-279B-4801-9BCF-8E604A4D2186}.Release|x86.ActiveCfg = Release|Win32
	EndGlobalSection
	GlobalSection(SolutionProperties) = preSolution
		HideSolutionNode = FALSE
	EndGlobalSection
EndGlobal
