<?xml version="1.0" encoding="utf-8"?>
<Project ToolsVersion="4.0" xmlns="http://schemas.microsoft.com/developer/msbuild/2003">
  <ItemGroup>
    <ClCompile Include="Base64Image.cpp" />
    <ClCompile Include="ConfigHandler.cpp" />
    <ClCompile Include="SimpleLLMChatCLI.cpp" />
    <ClCompile Include="HTTPClient.cpp" />
    <ClCompile Include="JsonUtil.cpp" />
    <ClCompile Include="LLMClient.cpp" />
    <ClCompile Include="stdafx.cpp" />
  </ItemGroup>
  <ItemGroup>
    <ClInclude Include="Base64Image.h">
      <Filter>Header Files</Filter>
    </ClInclude>
    <ClInclude Include="ConfigHandler.h">
      <Filter>Header Files</Filter>
    </ClInclude>
    <ClInclude Include="HTTPClient.h">
      <Filter>Header Files</Filter>
    </ClInclude>
    <ClInclude Include="JsonUtil.h">
      <Filter>Header Files</Filter>
    </ClInclude>
    <ClInclude Include="LLMClient.h">
      <Filter>Header Files</Filter>
    </ClInclude>
    <ClInclude Include="stdafx.h">
      <Filter>Header Files</Filter>
    </ClInclude>
    <ClInclude Include="targetver.h">
      <Filter>Header Files</Filter>
    </ClInclude>
  </ItemGroup>
  <ItemGroup>
    <Filter Include="Header Files">
      <UniqueIdentifier>{f76a9d32-8898-4b5d-a20b-4028fcda6284}</UniqueIdentifier>
    </Filter>
  </ItemGroup>
</Project>